
Microsoft Visual Studio Solution File, Format Version 12.00
# Visual Studio 2013
VisualStudioVersion = 12.0.40629.0
MinimumVisualStudioVersion = 10.0.40219.1
Project("{FAE04EC0-301F-11D3-BF4B-00C04F79EFBC}") = "calc24WithExpressionTree", "calc24WithExpressionTree\calc24WithExpressionTree.csproj", "{68287D8F-17DB-4E18-89E4-2E1C859FA8BC}"
EndProject
Project("{FAE04EC0-301F-11D3-BF4B-00C04F79EFBC}") = "Point24App", "Point24App\Point24App.csproj", "{D5829DD4-BB64-4005-A4B4-7DC98B128C2B}"
EndProject
Global
	GlobalSection(SolutionConfigurationPlatforms) = preSolution
		Debug|Any CPU = Debug|Any CPU
		Release|Any CPU = Release|Any CPU
	EndGlobalSection
	GlobalSection(ProjectConfigurationPlatforms) = postSolution
		{68287D8F-17DB-4E18-89E4-2E1C859FA8BC}.Debug|Any CPU.ActiveCfg = Debug|Any CPU
		{68287D8F-17DB-4E18-89E4-2E1C859FA8BC}.Debug|Any CPU.Build.0 = Debug|Any CPU
		{68287D8F-17DB-4E18-89E4-2E1C859FA8BC}.Release|Any CPU.ActiveCfg = Release|Any CPU
		{68287D8F-17DB-4E18-89E4-2E1C859FA8BC}.Release|Any CPU.Build.0 = Release|Any CPU
		{D5829DD4-BB64-4005-A4B4-7DC98B128C2B}.Debug|Any CPU.ActiveCfg = Debug|Any CPU
		{D5829DD4-BB64-4005-A4B4-7DC98B128C2B}.Debug|Any CPU.Build.0 = Debug|Any CPU
		{D5829DD4-BB64-4005-A4B4-7DC98B128C2B}.Release|Any CPU.ActiveCfg = Release|Any CPU
		{D5829DD4-BB64-4005-A4B4-7DC98B128C2B}.Release|Any CPU.Build.0 = Release|Any CPU
	EndGlobalSection
	GlobalSection(SolutionProperties) = preSolution
		HideSolutionNode = FALSE
	EndGlobalSection
EndGlobal
